
Microsoft Visual Studio Solution File, Format Version 12.00
# Visual Studio 15
VisualStudioVersion = 15.0.26430.6
MinimumVisualStudioVersion = 10.0.40219.1
Project("{FAE04EC0-301F-11D3-BF4B-00C04F79EFBC}") = "PersonalTitles", "PersonalTitles\PersonalTitles.csproj", "{3FD383F2-E5FB-4DDD-8D9E-5C50222861B7}"
EndProject
Project("{FAE04EC0-301F-11D3-BF4B-00C04F79EFBC}") = "SmallShop", "SmallShop\SmallShop.csproj", "{9C0E3938-1EFD-4ABF-A5D3-A889FEA44719}"
EndProject
Project("{FAE04EC0-301F-11D3-BF4B-00C04F79EFBC}") = "PointInRectangle", "PointInRectangle\PointInRectangle.csproj", "{CC502DD8-097A-437C-B512-A06E02DCE651}"
EndProject
Project("{FAE04EC0-301F-11D3-BF4B-00C04F79EFBC}") = "FruitOrVegetable", "FruitOrVegetable\FruitOrVegetable.csproj", "{DA5063E9-F199-4378-814B-2BC89C12F607}"
EndProject
Project("{FAE04EC0-301F-11D3-BF4B-00C04F79EFBC}") = "InvalidNumber", "InvalidNumber\InvalidNumber.csproj", "{CF7DF1AD-9B47-4B63-B86E-2351BA984BC2}"
EndProject
Project("{FAE04EC0-301F-11D3-BF4B-00C04F79EFBC}") = "PointОnRectangleBorder", "PointОnRectangleBorder\PointОnRectangleBorder.csproj", "{333FFF40-8067-408A-87D2-2EDE2EFACB2E}"
EndProject
Project("{FAE04EC0-301F-11D3-BF4B-00C04F79EFBC}") = "FruitShop", "FruitShop\FruitShop.csproj", "{7C780962-37AE-4ED3-97A0-CDA149578752}"
EndProject
Project("{FAE04EC0-301F-11D3-BF4B-00C04F79EFBC}") = "TradeComissions", "TradeComissions\TradeComissions.csproj", "{B37888D2-660A-4CE2-BC12-71A4DB7C3232}"
EndProject
Project("{FAE04EC0-301F-11D3-BF4B-00C04F79EFBC}") = "DayOfWeek", "DayOfWeek\DayOfWeek.csproj", "{6635CB3D-460A-4E45-B358-DB07F6DBF77B}"
EndProject
Project("{FAE04EC0-301F-11D3-BF4B-00C04F79EFBC}") = "AnimalType", "AnimalType\AnimalType.csproj", "{F953B335-E06E-48F6-8BFE-66D271867289}"
EndProject
Project("{FAE04EC0-301F-11D3-BF4B-00C04F79EFBC}") = "Cinema", "Cinema\Cinema.csproj", "{7FF0A2D9-9F56-4F58-A15E-6588C9FBD9BD}"
EndProject
Project("{FAE04EC0-301F-11D3-BF4B-00C04F79EFBC}") = "Volleyball", "Volleyball\Volleyball.csproj", "{7B261E64-11B3-443C-9280-DA4546FCB960}"
EndProject
Project("{FAE04EC0-301F-11D3-BF4B-00C04F79EFBC}") = "PointInTheFigure", "PointInTheFigure\PointInTheFigure.csproj", "{29D8BE0C-BBFB-45BE-96EF-F93341F3642D}"
EndProject
Global
	GlobalSection(SolutionConfigurationPlatforms) = preSolution
		Debug|Any CPU = Debug|Any CPU
		Release|Any CPU = Release|Any CPU
	EndGlobalSection
	GlobalSection(ProjectConfigurationPlatforms) = postSolution
		{3FD383F2-E5FB-4DDD-8D9E-5C50222861B7}.Debug|Any CPU.ActiveCfg = Debug|Any CPU
		{3FD383F2-E5FB-4DDD-8D9E-5C50222861B7}.Debug|Any CPU.Build.0 = Debug|Any CPU
		{3FD383F2-E5FB-4DDD-8D9E-5C50222861B7}.Release|Any CPU.ActiveCfg = Release|Any CPU
		{3FD383F2-E5FB-4DDD-8D9E-5C50222861B7}.Release|Any CPU.Build.0 = Release|Any CPU
		{9C0E3938-1EFD-4ABF-A5D3-A889FEA44719}.Debug|Any CPU.ActiveCfg = Debug|Any CPU
		{9C0E3938-1EFD-4ABF-A5D3-A889FEA44719}.Debug|Any CPU.Build.0 = Debug|Any CPU
		{9C0E3938-1EFD-4ABF-A5D3-A889FEA44719}.Release|Any CPU.ActiveCfg = Release|Any CPU
		{9C0E3938-1EFD-4ABF-A5D3-A889FEA44719}.Release|Any CPU.Build.0 = Release|Any CPU
		{CC502DD8-097A-437C-B512-A06E02DCE651}.Debug|Any CPU.ActiveCfg = Debug|Any CPU
		{CC502DD8-097A-437C-B512-A06E02DCE651}.Debug|Any CPU.Build.0 = Debug|Any CPU
		{CC502DD8-097A-437C-B512-A06E02DCE651}.Release|Any CPU.ActiveCfg = Release|Any CPU
		{CC502DD8-097A-437C-B512-A06E02DCE651}.Release|Any CPU.Build.0 = Release|Any CPU
		{DA5063E9-F199-4378-814B-2BC89C12F607}.Debug|Any CPU.ActiveCfg = Debug|Any CPU
		{DA5063E9-F199-4378-814B-2BC89C12F607}.Debug|Any CPU.Build.0 = Debug|Any CPU
		{DA5063E9-F199-4378-814B-2BC89C12F607}.Release|Any CPU.ActiveCfg = Release|Any CPU
		{DA5063E9-F199-4378-814B-2BC89C12F607}.Release|Any CPU.Build.0 = Release|Any CPU
		{CF7DF1AD-9B47-4B63-B86E-2351BA984BC2}.Debug|Any CPU.ActiveCfg = Debug|Any CPU
		{CF7DF1AD-9B47-4B63-B86E-2351BA984BC2}.Debug|Any CPU.Build.0 = Debug|Any CPU
		{CF7DF1AD-9B47-4B63-B86E-2351BA984BC2}.Release|Any CPU.ActiveCfg = Release|Any CPU
		{CF7DF1AD-9B47-4B63-B86E-2351BA984BC2}.Release|Any CPU.Build.0 = Release|Any CPU
		{333FFF40-8067-408A-87D2-2EDE2EFACB2E}.Debug|Any CPU.ActiveCfg = Debug|Any CPU
		{333FFF40-8067-408A-87D2-2EDE2EFACB2E}.Debug|Any CPU.Build.0 = Debug|Any CPU
		{333FFF40-8067-408A-87D2-2EDE2EFACB2E}.Release|Any CPU.ActiveCfg = Release|Any CPU
		{333FFF40-8067-408A-87D2-2EDE2EFACB2E}.Release|Any CPU.Build.0 = Release|Any CPU
		{7C780962-37AE-4ED3-97A0-CDA149578752}.Debug|Any CPU.ActiveCfg = Debug|Any CPU
		{7C780962-37AE-4ED3-97A0-CDA149578752}.Debug|Any CPU.Build.0 = Debug|Any CPU
		{7C780962-37AE-4ED3-97A0-CDA149578752}.Release|Any CPU.ActiveCfg = Release|Any CPU
		{7C780962-37AE-4ED3-97A0-CDA149578752}.Release|Any CPU.Build.0 = Release|Any CPU
		{B37888D2-660A-4CE2-BC12-71A4DB7C3232}.Debug|Any CPU.ActiveCfg = Debug|Any CPU
		{B37888D2-660A-4CE2-BC12-71A4DB7C3232}.Debug|Any CPU.Build.0 = Debug|Any CPU
		{B37888D2-660A-4CE2-BC12-71A4DB7C3232}.Release|Any CPU.ActiveCfg = Release|Any CPU
		{B37888D2-660A-4CE2-BC12-71A4DB7C3232}.Release|Any CPU.Build.0 = Release|Any CPU
		{6635CB3D-460A-4E45-B358-DB07F6DBF77B}.Debug|Any CPU.ActiveCfg = Debug|Any CPU
		{6635CB3D-460A-4E45-B358-DB07F6DBF77B}.Debug|Any CPU.Build.0 = Debug|Any CPU
		{6635CB3D-460A-4E45-B358-DB07F6DBF77B}.Release|Any CPU.ActiveCfg = Release|Any CPU
		{6635CB3D-460A-4E45-B358-DB07F6DBF77B}.Release|Any CPU.Build.0 = Release|Any CPU
		{F953B335-E06E-48F6-8BFE-66D271867289}.Debug|Any CPU.ActiveCfg = Debug|Any CPU
		{F953B335-E06E-48F6-8BFE-66D271867289}.Debug|Any CPU.Build.0 = Debug|Any CPU
		{F953B335-E06E-48F6-8BFE-66D271867289}.Release|Any CPU.ActiveCfg = Release|Any CPU
		{F953B335-E06E-48F6-8BFE-66D271867289}.Release|Any CPU.Build.0 = Release|Any CPU
		{7FF0A2D9-9F56-4F58-A15E-6588C9FBD9BD}.Debug|Any CPU.ActiveCfg = Debug|Any CPU
		{7FF0A2D9-9F56-4F58-A15E-6588C9FBD9BD}.Debug|Any CPU.Build.0 = Debug|Any CPU
		{7FF0A2D9-9F56-4F58-A15E-6588C9FBD9BD}.Release|Any CPU.ActiveCfg = Release|Any CPU
		{7FF0A2D9-9F56-4F58-A15E-6588C9FBD9BD}.Release|Any CPU.Build.0 = Release|Any CPU
		{7B261E64-11B3-443C-9280-DA4546FCB960}.Debug|Any CPU.ActiveCfg = Debug|Any CPU
		{7B261E64-11B3-443C-9280-DA4546FCB960}.Debug|Any CPU.Build.0 = Debug|Any CPU
		{7B261E64-11B3-443C-9280-DA4546FCB960}.Release|Any CPU.ActiveCfg = Release|Any CPU
		{7B261E64-11B3-443C-9280-DA4546FCB960}.Release|Any CPU.Build.0 = Release|Any CPU
		{29D8BE0C-BBFB-45BE-96EF-F93341F3642D}.Debug|Any CPU.ActiveCfg = Debug|Any CPU
		{29D8BE0C-BBFB-45BE-96EF-F93341F3642D}.Debug|Any CPU.Build.0 = Debug|Any CPU
		{29D8BE0C-BBFB-45BE-96EF-F93341F3642D}.Release|Any CPU.ActiveCfg = Release|Any CPU
		{29D8BE0C-BBFB-45BE-96EF-F93341F3642D}.Release|Any CPU.Build.0 = Release|Any CPU
	EndGlobalSection
	GlobalSection(SolutionProperties) = preSolution
		HideSolutionNode = FALSE
	EndGlobalSection
EndGlobal
